<?xml version="1.0" encoding="utf-8"?>
<Project ToolsVersion="4.0" xmlns="http://schemas.microsoft.com/developer/msbuild/2003">
  <ItemGroup>
    <Filter Include="Fichiers sources">
      <UniqueIdentifier>{4FC737F1-C7A5-4376-A066-2A32D752A2FF}</UniqueIdentifier>
      <Extensions>cpp;c;cc;cxx;c++;cppm;ixx;def;odl;idl;hpj;bat;asm;asmx</Extensions>
    </Filter>
    <Filter Include="Fichiers d%27en-tête">
      <UniqueIdentifier>{93995380-89BD-4b04-88EB-625FBE52EBFB}</UniqueIdentifier>
      <Extensions>h;hh;hpp;hxx;h++;hm;inl;inc;ipp;xsd</Extensions>
    </Filter>
    <Filter Include="Fichiers de ressources">
      <UniqueIdentifier>{67DA6AB6-F800-4c08-8B7A-83BB121AAD01}</UniqueIdentifier>
      <Extensions>rc;ico;cur;bmp;dlg;rc2;rct;bin;rgs;gif;jpg;jpeg;jpe;resx;tiff;tif;png;wav;mfcribbon-ms</Extensions>
    </Filter>
    <Filter Include="Fichiers d%27en-tête\Core">
      <UniqueIdentifier>{9686a3de-5bee-45b2-a0ca-78b64c6245cd}</UniqueIdentifier>
    </Filter>
    <Filter Include="Fichiers d%27en-tête\Core\Debug">
      <UniqueIdentifier>{2f9eac26-dec9-4f82-8ada-243d9232f412}</UniqueIdentifier>
    </Filter>
    <Filter Include="Fichiers d%27en-tête\Core\Math">
      <UniqueIdentifier>{162174b9-b0cb-4906-ade6-3957b36323e2}</UniqueIdentifier>
    </Filter>
    <Filter Include="Fichiers sources\Core">
      <UniqueIdentifier>{76f9dc09-f9ca-421d-9110-4e6e454ebcc8}</UniqueIdentifier>
    </Filter>
    <Filter Include="Fichiers sources\ResourceGLSL">
      <UniqueIdentifier>{de9fd860-ff69-4f01-baf3-b7dd6214788a}</UniqueIdentifier>
    </Filter>
    <Filter Include="Fichiers sources\Resources">
      <UniqueIdentifier>{a12cd096-a7a5-4df6-9a94-59cb11cda1bf}</UniqueIdentifier>
    </Filter>
    <Filter Include="Fichiers sources\Core\Debug">
      <UniqueIdentifier>{08595dec-01b6-4d8b-aaf6-9e3a5d5542a4}</UniqueIdentifier>
    </Filter>
    <Filter Include="Fichiers sources\Core\Math">
      <UniqueIdentifier>{ff6e35ba-7cfe-4465-b5ca-c621ac0290bb}</UniqueIdentifier>
    </Filter>
    <Filter Include="Fichiers d%27en-tête\Resources">
      <UniqueIdentifier>{fd2cfb75-0140-4f76-9bec-b534566174a6}</UniqueIdentifier>
    </Filter>
    <Filter Include="Fichiers sources\LowRenderer">
      <UniqueIdentifier>{07f3ab4d-c3fd-422f-9a7e-67212deae2e0}</UniqueIdentifier>
    </Filter>
    <Filter Include="Fichiers d%27en-tête\LowRenderer">
      <UniqueIdentifier>{84b40ad1-4e85-4c4f-8442-a167e9656d6a}</UniqueIdentifier>
    </Filter>
    <Filter Include="Fichiers sources\Physics">
      <UniqueIdentifier>{ac393b8b-c70a-4719-99c1-fbf816a84bef}</UniqueIdentifier>
    </Filter>
    <Filter Include="Fichiers d%27en-tête\Physics">
      <UniqueIdentifier>{d5652745-b943-4f31-877e-e99bf5972c9e}</UniqueIdentifier>
    </Filter>
    <Filter Include="Fichiers d%27en-tête\Imgui">
      <UniqueIdentifier>{2c32cdc0-0337-4e86-8ddf-8113a1bca211}</UniqueIdentifier>
    </Filter>
    <Filter Include="Fichiers sources\Imgui">
      <UniqueIdentifier>{501d1064-01fd-4bbf-954d-57d177b0e3c3}</UniqueIdentifier>
    </Filter>
  </ItemGroup>
  <ItemGroup>
    <ClCompile Include="Sources\main.cpp">
      <Filter>Fichiers sources</Filter>
    </ClCompile>
    <ClCompile Include="Sources\glad.c">
      <Filter>Fichiers sources</Filter>
    </ClCompile>
    <ClCompile Include="Sources\Maths.cpp">
      <Filter>Fichiers sources\Core\Math</Filter>
    </ClCompile>
    <ClCompile Include="Sources\Log.cpp">
      <Filter>Fichiers sources\Core\Debug</Filter>
    </ClCompile>
    <ClCompile Include="Sources\App.cpp">
      <Filter>Fichiers sources\Core\Debug</Filter>
    </ClCompile>
    <ClCompile Include="Sources\IResources.cpp">
      <Filter>Fichiers sources\Resources</Filter>
    </ClCompile>
    <ClCompile Include="Sources\ResourcesManager.cpp">
      <Filter>Fichiers sources\Resources</Filter>
    </ClCompile>
    <ClCompile Include="Sources\Model.cpp">
      <Filter>Fichiers sources\Resources</Filter>
    </ClCompile>
    <ClCompile Include="Sources\Shader.cpp">
      <Filter>Fichiers sources\Resources</Filter>
    </ClCompile>
    <ClCompile Include="Sources\Camera.cpp">
      <Filter>Fichiers sources\LowRenderer</Filter>
    </ClCompile>
    <ClCompile Include="Sources\Mesh.cpp">
      <Filter>Fichiers sources\LowRenderer</Filter>
    </ClCompile>
    <ClCompile Include="Sources\Transform.cpp">
      <Filter>Fichiers sources\Physics</Filter>
    </ClCompile>
    <ClCompile Include="Imgui\imgui_impl_glfw.cpp">
      <Filter>Fichiers sources\Imgui</Filter>
    </ClCompile>
    <ClCompile Include="Imgui\imgui_impl_opengl3.cpp">
      <Filter>Fichiers sources\Imgui</Filter>
    </ClCompile>
    <ClCompile Include="Imgui\imgui_tables.cpp">
      <Filter>Fichiers sources\Imgui</Filter>
    </ClCompile>
    <ClCompile Include="Imgui\imgui_widgets.cpp">
      <Filter>Fichiers sources\Imgui</Filter>
    </ClCompile>
    <ClCompile Include="Imgui\imgui.cpp">
      <Filter>Fichiers sources\Imgui</Filter>
    </ClCompile>
    <ClCompile Include="Imgui\imgui_demo.cpp">
      <Filter>Fichiers sources\Imgui</Filter>
    </ClCompile>
    <ClCompile Include="Imgui\imgui_draw.cpp">
      <Filter>Fichiers sources\Imgui</Filter>
    </ClCompile>
  </ItemGroup>
  <ItemGroup>
    <ClInclude Include="Headers\App.h">
      <Filter>Fichiers d%27en-tête\Core\Debug</Filter>
    </ClInclude>
    <ClInclude Include="Headers\Maths.h">
      <Filter>Fichiers d%27en-tête\Core\Math</Filter>
    </ClInclude>
    <ClInclude Include="Headers\Assertion.h">
      <Filter>Fichiers d%27en-tête\Core\Debug</Filter>
    </ClInclude>
    <ClInclude Include="Headers\Log.h">
      <Filter>Fichiers d%27en-tête\Core\Debug</Filter>
    </ClInclude>
    <ClInclude Include="Headers\IResources.h">
      <Filter>Fichiers d%27en-tête\Resources</Filter>
    </ClInclude>
    <ClInclude Include="Headers\ResourcesManager.h">
      <Filter>Fichiers d%27en-tête\Resources</Filter>
    </ClInclude>
    <ClInclude Include="Headers\Model.h">
      <Filter>Fichiers d%27en-tête\Resources</Filter>
    </ClInclude>
    <ClInclude Include="Headers\Shader.h">
      <Filter>Fichiers d%27en-tête\Resources</Filter>
    </ClInclude>
    <ClInclude Include="Headers\Camera.h">
      <Filter>Fichiers d%27en-tête\LowRenderer</Filter>
    </ClInclude>
    <ClInclude Include="Headers\Mesh.h">
      <Filter>Fichiers d%27en-tête\LowRenderer</Filter>
    </ClInclude>
    <ClInclude Include="Headers\Light.h">
      <Filter>Fichiers d%27en-tête\LowRenderer</Filter>
    </ClInclude>
    <ClInclude Include="Headers\Transform.h">
      <Filter>Fichiers d%27en-tête\Physics</Filter>
    </ClInclude>
    <ClInclude Include="Imgui\imgui_internal.h">
      <Filter>Fichiers d%27en-tête\Imgui</Filter>
    </ClInclude>
    <ClInclude Include="Imgui\imstb_rectpack.h">
      <Filter>Fichiers d%27en-tête\Imgui</Filter>
    </ClInclude>
    <ClInclude Include="Imgui\imstb_textedit.h">
      <Filter>Fichiers d%27en-tête\Imgui</Filter>
    </ClInclude>
    <ClInclude Include="Imgui\imstb_truetype.h">
      <Filter>Fichiers d%27en-tête\Imgui</Filter>
    </ClInclude>
    <ClInclude Include="Imgui\imconfig.h">
      <Filter>Fichiers d%27en-tête\Imgui</Filter>
    </ClInclude>
    <ClInclude Include="Imgui\imgui.h">
      <Filter>Fichiers d%27en-tête\Imgui</Filter>
    </ClInclude>
    <ClInclude Include="Imgui\imgui_impl_glfw.h">
      <Filter>Fichiers d%27en-tête\Imgui</Filter>
    </ClInclude>
    <ClInclude Include="Imgui\imgui_impl_opengl3.h">
      <Filter>Fichiers d%27en-tête\Imgui</Filter>
    </ClInclude>
    <ClInclude Include="Imgui\imgui_impl_opengl3_loader.h">
      <Filter>Fichiers d%27en-tête\Imgui</Filter>
    </ClInclude>
  </ItemGroup>
  <ItemGroup>
    <None Include="Resources\Shaders\fragShader.glsl">
      <Filter>Fichiers sources\ResourceGLSL</Filter>
    </None>
    <None Include="Resources\Shaders\vertexShader.glsl">
      <Filter>Fichiers sources\ResourceGLSL</Filter>
    </None>
  </ItemGroup>
</Project>